{
  "name": "ajs2",
  "version": "1.0.0",
  "lockfileVersion": 3,
  "requires": true,
  "packages": {
    "": {
      "name": "ajs2",
      "version": "1.0.0",
      "license": "ISC",
      "dependencies": {
        "@nedoneo/ajs": "^1.0.0"
      }
    },
    "node_modules/@nedoneo/ajs": {
      "version": "1.0.0",
      "resolved": "https://npm.pkg.github.com/download/@nedoneo/ajs/1.0.0/99b9a250e632bfa050f54fa74c5c150aade2ca38",
      "integrity": "sha512-APo9b2ntS7Cr5y8Q+0JCC1m4xi08/plfhNWLCRlT7zr8c2DMYiaieHdo0hz747LftWCbSmep/JAt5Hr19WgLHQ=="
    }
  }
}
